PODS:
  - AFDateHelper (3.1.0)
  - Alamofire (2.0.2)
  - Bolts (1.2.2):
    - Bolts/AppLinks (= 1.2.2)
    - Bolts/Tasks (= 1.2.2)
  - Bolts/AppLinks (1.2.2):
    - Bolts/Tasks
  - Bolts/Tasks (1.2.2)
  - FBSDKCoreKit (4.6.0):
    - Bolts (~> 1.1)
    - FBSDKCoreKit/arc (= 4.6.0)
    - FBSDKCoreKit/no-arc (= 4.6.0)
  - FBSDKCoreKit/arc (4.6.0):
    - Bolts (~> 1.1)
  - FBSDKCoreKit/no-arc (4.6.0):
    - Bolts (~> 1.1)
    - FBSDKCoreKit/arc
  - FBSDKLoginKit (4.6.0):
    - FBSDKCoreKit
  - Instabug (4.1.6)
  - MBProgressHUD (0.9.1)
  - Parse (1.8.5):
    - Bolts/Tasks (>= 1.2.2)
  - ParseFacebookUtilsV4 (1.8.5):
    - Bolts/Tasks (>= 1.2.2)
    - FBSDKCoreKit (~> 4.0)
    - FBSDKLoginKit (~> 4.0)
    - Parse (~> 1.8.4)
  - ParseTwitterUtils (1.8.5):
    - Bolts/Tasks (>= 1.2.2)
    - Parse (~> 1.8.5)
  - ParseUI (1.1.6):
    - Bolts/Tasks (~> 1.2)
    - Parse (~> 1.8)
  - SnapKit (0.14.0)
  - SwiftyJSON (2.3.0)
  - TPKeyboardAvoiding (1.2.9)

DEPENDENCIES:
  - AFDateHelper
  - Alamofire (~> 2.0)
  - Instabug
  - MBProgressHUD (~> 0.9.1)
  - ParseFacebookUtilsV4
  - ParseTwitterUtils
  - ParseUI
  - SnapKit
  - SwiftyJSON
  - TPKeyboardAvoiding

SPEC CHECKSUMS:
  AFDateHelper: 346694fc5861bdef77d8115e3825182a3fc697d2
  Alamofire: 8edbab00802a752bb5240cc2abe70e7e881488ad
  Bolts: 20a2bd788273360cb1e31530dc19b8544eef2544
  FBSDKCoreKit: 9954492d90c5fd65ae831395697a1660360d61f1
  FBSDKLoginKit: 3d07febbfa884b9878cacba54f705bb41f07d4b6
  Instabug: 6f87a52937b449c03e9f99b81ee85b13eea0cf25
  MBProgressHUD: c47f2c166c126cf2ce36498d80f33e754d4e93ad
  Parse: 17ad8e0677ed682f7f00503860fcda0f4eb74168
  ParseFacebookUtilsV4: cc51857cf984c6fc743e7f17c2ddebdb6f02f963
  ParseTwitterUtils: 408a2a9220b051c18fe45797db3f272d548e51f1
  ParseUI: 8a22e448c03f825203d8c379c80523517f68baa3
  SnapKit: f42352ef34953866da0de1e1009c2ff82588a95e
  SwiftyJSON: 8d6b61a70277ef2a5d710d372e06e7e2d87fb9e4
  TPKeyboardAvoiding: ff1ee4e5a5a0c119b965552af8f183868ea20207

COCOAPODS: 0.38.2
